# This file is autogenerated, do not edit; changes may be undone by the next 'dep ensure'.


[[projects]]
  branch = "master"
  name = "github.com/bluele/go-timecop"
  packages = ["."]
  revision = "f599da2cddda2745c1da23fdfa992c7525018f26"

[[projects]]
  branch = "master"
  name = "github.com/bouk/monkey"
  packages = ["."]
  revision = "5df1f207ff77e025801505ae4d903133a0b4353f"

[[projects]]
  name = "github.com/davecgh/go-spew"
  packages = ["spew"]
  revision = "346938d642f2ec3594ed81d874461961cd0faa76"
  version = "v1.1.0"

[[projects]]
  name = "github.com/pmezard/go-difflib"
  packages = ["difflib"]
  revision = "792786c7400a136282c1664665ae0a8db921c6c2"
  version = "v1.0.0"

[[projects]]
  name = "github.com/stretchr/testify"
  packages = ["assert"]
  revision = "f35b8ab0b5a2cef36673838d662e249dd9c94686"
  version = "v1.2.2"

[solve-meta]
  analyzer-name = "dep"
  analyzer-version = 1
  inputs-digest = "38ab73ca17eaed324f989af4a3059b0731b50864d07da87277d34af0b3bb3256"
  solver-name = "gps-cdcl"
  solver-version = 1
